{
  "dependencies": {
    "balanced-match": {
      "version": "0.4.2",
      "resolved": "https://registry.npmjs.org/balanced-match/-/balanced-match-0.4.2.tgz",
      "from": "balanced-match@>=0.4.1 <0.5.0"
    },
    "brace-expansion": {
      "version": "1.1.6",
      "resolved": "https://registry.npmjs.org/brace-expansion/-/brace-expansion-1.1.6.tgz",
      "from": "brace-expansion@>=1.0.0 <2.0.0"
    },
    "concat-map": {
      "version": "0.0.1",
      "resolved": "https://registry.npmjs.org/concat-map/-/concat-map-0.0.1.tgz",
      "from": "concat-map@0.0.1"
    },
    "glob": {
      "version": "6.0.1",
      "resolved": "https://registry.npmjs.org/glob/-/glob-6.0.1.tgz",
      "from": "glob@6.0.1"
    },
    "inflight": {
      "version": "1.0.5",
      "resolved": "https://registry.npmjs.org/inflight/-/inflight-1.0.5.tgz",
      "from": "inflight@>=1.0.4 <2.0.0"
    },
    "inherits": {
      "version": "2.0.3",
      "resolved": "https://registry.npmjs.org/inherits/-/inherits-2.0.3.tgz",
      "from": "inherits@>=2.0.0 <3.0.0"
    },
    "minimatch": {
      "version": "3.0.3",
      "resolved": "https://registry.npmjs.org/minimatch/-/minimatch-3.0.3.tgz",
      "from": "minimatch@>=2.0.0 <3.0.0||>=3.0.0 <4.0.0"
    },
    "once": {
      "version": "1.4.0",
      "resolved": "https://registry.npmjs.org/once/-/once-1.4.0.tgz",
      "from": "once@>=1.3.0 <2.0.0"
    },
    "path-is-absolute": {
      "version": "1.0.0",
      "resolved": "https://registry.npmjs.org/path-is-absolute/-/path-is-absolute-1.0.0.tgz",
      "from": "path-is-absolute@>=1.0.0 <2.0.0"
    },
    "wrappy": {
      "version": "1.0.2",
      "resolved": "https://registry.npmjs.org/wrappy/-/wrappy-1.0.2.tgz",
      "from": "wrappy@>=1.0.0 <2.0.0"
    }
  }
}
